PODS:
  - MobilliumBuilders (1.4.2)

DEPENDENCIES:
  - MobilliumBuilders (from `../`)

EXTERNAL SOURCES:
  MobilliumBuilders:
    :path: "../"

SPEC CHECKSUMS:
  MobilliumBuilders: 48c29da981a9593ac7f7873d154f9a76b80ffcab

PODFILE CHECKSUM: 61f4e0575a18a912fde25a7e488696c4df09c291

COCOAPODS: 1.11.3
