PODS:
  - MobilliumBuilders (1.1.2)

DEPENDENCIES:
  - MobilliumBuilders (from `../`)

EXTERNAL SOURCES:
  MobilliumBuilders:
    :path: "../"

SPEC CHECKSUMS:
  MobilliumBuilders: 7e813ad39cf434a40d8d8a693e47ca97e5cf48d6

PODFILE CHECKSUM: 61f4e0575a18a912fde25a7e488696c4df09c291

COCOAPODS: 1.10.1
