PODS:
  - MobilliumBuilders (1.4.0)

DEPENDENCIES:
  - MobilliumBuilders (from `../`)

EXTERNAL SOURCES:
  MobilliumBuilders:
    :path: "../"

SPEC CHECKSUMS:
  MobilliumBuilders: 586c4cef6ef37ec62b5149beaa67a20642e95cf4

PODFILE CHECKSUM: 61f4e0575a18a912fde25a7e488696c4df09c291

COCOAPODS: 1.11.2
